
Microsoft Visual Studio Solution File, Format Version 12.00
# Visual Studio Version 16
VisualStudioVersion = 16.6.30114.105
MinimumVisualStudioVersion = 10.0.40219.1
Project("{2150E333-8FDC-42A3-9474-1A3956D46DE8}") = "src", "src", "{3EEF75E2-53B9-427B-8277-289F12912740}"
EndProject
Project("{FAE04EC0-301F-11D3-BF4B-00C04F79EFBC}") = "AwsAppExample", "src\AwsAppExample\AwsAppExample.csproj", "{80C859C2-7820-40EB-B295-6009E9695057}"
EndProject
Project("{2150E333-8FDC-42A3-9474-1A3956D46DE8}") = "tests", "tests", "{CA886AAB-AE4C-4892-B287-8CF57DD766FA}"
EndProject
Project("{FAE04EC0-301F-11D3-BF4B-00C04F79EFBC}") = "AwsAppExample", "tests\AwsAppExample\AwsAppExample.csproj", "{9362E79A-B675-4BC3-8DE1-B626D326F10A}"
EndProject
Global
	GlobalSection(SolutionConfigurationPlatforms) = preSolution
		Debug|Any CPU = Debug|Any CPU
		Debug|x64 = Debug|x64
		Debug|x86 = Debug|x86
		Release|Any CPU = Release|Any CPU
		Release|x64 = Release|x64
		Release|x86 = Release|x86
	EndGlobalSection
	GlobalSection(SolutionProperties) = preSolution
		HideSolutionNode = FALSE
	EndGlobalSection
	GlobalSection(ProjectConfigurationPlatforms) = postSolution
		{80C859C2-7820-40EB-B295-6009E9695057}.Debug|Any CPU.ActiveCfg = Debug|Any CPU
		{80C859C2-7820-40EB-B295-6009E9695057}.Debug|Any CPU.Build.0 = Debug|Any CPU
		{80C859C2-7820-40EB-B295-6009E9695057}.Debug|x64.ActiveCfg = Debug|Any CPU
		{80C859C2-7820-40EB-B295-6009E9695057}.Debug|x64.Build.0 = Debug|Any CPU
		{80C859C2-7820-40EB-B295-6009E9695057}.Debug|x86.ActiveCfg = Debug|Any CPU
		{80C859C2-7820-40EB-B295-6009E9695057}.Debug|x86.Build.0 = Debug|Any CPU
		{80C859C2-7820-40EB-B295-6009E9695057}.Release|Any CPU.ActiveCfg = Release|Any CPU
		{80C859C2-7820-40EB-B295-6009E9695057}.Release|Any CPU.Build.0 = Release|Any CPU
		{80C859C2-7820-40EB-B295-6009E9695057}.Release|x64.ActiveCfg = Release|Any CPU
		{80C859C2-7820-40EB-B295-6009E9695057}.Release|x64.Build.0 = Release|Any CPU
		{80C859C2-7820-40EB-B295-6009E9695057}.Release|x86.ActiveCfg = Release|Any CPU
		{80C859C2-7820-40EB-B295-6009E9695057}.Release|x86.Build.0 = Release|Any CPU
		{9362E79A-B675-4BC3-8DE1-B626D326F10A}.Debug|Any CPU.ActiveCfg = Debug|Any CPU
		{9362E79A-B675-4BC3-8DE1-B626D326F10A}.Debug|Any CPU.Build.0 = Debug|Any CPU
		{9362E79A-B675-4BC3-8DE1-B626D326F10A}.Debug|x64.ActiveCfg = Debug|Any CPU
		{9362E79A-B675-4BC3-8DE1-B626D326F10A}.Debug|x64.Build.0 = Debug|Any CPU
		{9362E79A-B675-4BC3-8DE1-B626D326F10A}.Debug|x86.ActiveCfg = Debug|Any CPU
		{9362E79A-B675-4BC3-8DE1-B626D326F10A}.Debug|x86.Build.0 = Debug|Any CPU
		{9362E79A-B675-4BC3-8DE1-B626D326F10A}.Release|Any CPU.ActiveCfg = Release|Any CPU
		{9362E79A-B675-4BC3-8DE1-B626D326F10A}.Release|Any CPU.Build.0 = Release|Any CPU
		{9362E79A-B675-4BC3-8DE1-B626D326F10A}.Release|x64.ActiveCfg = Release|Any CPU
		{9362E79A-B675-4BC3-8DE1-B626D326F10A}.Release|x64.Build.0 = Release|Any CPU
		{9362E79A-B675-4BC3-8DE1-B626D326F10A}.Release|x86.ActiveCfg = Release|Any CPU
		{9362E79A-B675-4BC3-8DE1-B626D326F10A}.Release|x86.Build.0 = Release|Any CPU
	EndGlobalSection
	GlobalSection(NestedProjects) = preSolution
		{80C859C2-7820-40EB-B295-6009E9695057} = {3EEF75E2-53B9-427B-8277-289F12912740}
		{9362E79A-B675-4BC3-8DE1-B626D326F10A} = {CA886AAB-AE4C-4892-B287-8CF57DD766FA}
	EndGlobalSection
EndGlobal
